// !$*UTF8*$!
{
	archiveVersion = 1;
	classes = {
	};
	objectVersion = 42;
	objects = {

/* Begin PBXBuildFile section */
		069D05B0128AE5DC7EE31738 /* QtCore.framework in Frameworks & Libraries */ = {isa = PBXBuildFile; fileRef = 7BC2E65A5E699A5E5D834CA2 /* QtCore.framework */; };
		2B093CA6F071B023A473CED0 /* main.cpp in Build Sources */ = {isa = PBXBuildFile; fileRef = 118FCBAABA162BA17933C789 /* main.cpp */; settings = {ATTRIBUTES = (); }; };
		501667F26B3C1FF6767A7C12 /* QtGui.framework in Frameworks & Libraries */ = {isa = PBXBuildFile; fileRef = 9B36DA7E32F0304E780E7972 /* QtGui.framework */; };
		7FA07E9612EFF4F000A0D7C8 /* pyqt_in_qwidget.app in Project Copy */ = {isa = PBXBuildFile; fileRef = 7FA07E9312EFF4F000A0D7C8 /* pyqt_in_qwidget.app */; };
		7FA07EA212EFF50600A0D7C8 /* Python.framework in Frameworks & Libraries */ = {isa = PBXBuildFile; fileRef = 7FA07EA112EFF50600A0D7C8 /* Python.framework */; };
/* End PBXBuildFile section */

/* Begin PBXCopyFilesBuildPhase section */
		F6069D5A5DA8AA28EDB8B3C6 /* Project Copy */ = {
			isa = PBXCopyFilesBuildPhase;
			buildActionMask = 2147483647;
			dstPath = /Users/jianzhang/aphid/pyqt_in_qwidget;
			dstSubfolderSpec = 0;
			files = (
				7FA07E9612EFF4F000A0D7C8 /* pyqt_in_qwidget.app in Project Copy */,
			);
			name = "Project Copy";
			runOnlyForDeploymentPostprocessing = 0;
		};
/* End PBXCopyFilesBuildPhase section */

/* Begin PBXFileReference section */
		118FCBAABA162BA17933C789 /* main.cpp */ = {isa = PBXFileReference; lastKnownFileType = sourcecode.cpp.cpp; path = main.cpp; sourceTree = "<group>"; };
		4D8EA3EEBAC565D01CD5DA60 /* pyqt_in_qwidget.pro */ = {isa = PBXFileReference; lastKnownFileType = text; path = pyqt_in_qwidget.pro; sourceTree = "<group>"; };
		7BC2E65A5E699A5E5D834CA2 /* QtCore.framework */ = {isa = PBXFileReference; lastKnownFileType = wrapper.framework; name = QtCore.framework; path = /Library/Frameworks/QtCore.framework; sourceTree = "<absolute>"; };
		7FA07E9312EFF4F000A0D7C8 /* pyqt_in_qwidget.app */ = {isa = PBXFileReference; explicitFileType = wrapper.application; includeInIndex = 0; path = pyqt_in_qwidget.app; sourceTree = BUILT_PRODUCTS_DIR; };
		7FA07EA112EFF50600A0D7C8 /* Python.framework */ = {isa = PBXFileReference; lastKnownFileType = wrapper.framework; name = Python.framework; path = /Library/Frameworks/Python.framework; sourceTree = "<absolute>"; };
		9B36DA7E32F0304E780E7972 /* QtGui.framework */ = {isa = PBXFileReference; lastKnownFileType = wrapper.framework; name = QtGui.framework; path = /Library/Frameworks/QtGui.framework; sourceTree = "<absolute>"; };
/* End PBXFileReference section */

/* Begin PBXFrameworksBuildPhase section */
		2A1043669E6E5A7426EA502A /* Frameworks & Libraries */ = {
			isa = PBXFrameworksBuildPhase;
			buildActionMask = 2147483647;
			files = (
				501667F26B3C1FF6767A7C12 /* QtGui.framework in Frameworks & Libraries */,
				069D05B0128AE5DC7EE31738 /* QtCore.framework in Frameworks & Libraries */,
				7FA07EA212EFF50600A0D7C8 /* Python.framework in Frameworks & Libraries */,
			);
			name = "Frameworks & Libraries";
			runOnlyForDeploymentPostprocessing = 0;
		};
/* End PBXFrameworksBuildPhase section */

/* Begin PBXGroup section */
		05596AB53D8D521C69802C27 /* pyqt_in_qwidget */ = {
			isa = PBXGroup;
			children = (
				FB61758D0F0FDA4BA867C3D5 /* Sources */,
				7CABE3C80E79AD2B307756D2 /* Sources [qmake] */,
				ED1E82605DD74B483AF3C982 /* External Frameworks and Libraries */,
				7FA07E9412EFF4F000A0D7C8 /* Products */,
			);
			name = pyqt_in_qwidget;
			sourceTree = "<group>";
		};
		7CABE3C80E79AD2B307756D2 /* Sources [qmake] */ = {
			isa = PBXGroup;
			children = (
				4D8EA3EEBAC565D01CD5DA60 /* pyqt_in_qwidget.pro */,
			);
			name = "Sources [qmake]";
			sourceTree = "<group>";
		};
		7FA07E9412EFF4F000A0D7C8 /* Products */ = {
			isa = PBXGroup;
			children = (
				7FA07E9312EFF4F000A0D7C8 /* pyqt_in_qwidget.app */,
			);
			name = Products;
			sourceTree = "<group>";
		};
		ED1E82605DD74B483AF3C982 /* External Frameworks and Libraries */ = {
			isa = PBXGroup;
			children = (
				7FA07EA112EFF50600A0D7C8 /* Python.framework */,
				9B36DA7E32F0304E780E7972 /* QtGui.framework */,
				7BC2E65A5E699A5E5D834CA2 /* QtCore.framework */,
			);
			name = "External Frameworks and Libraries";
			sourceTree = "<group>";
		};
		FB61758D0F0FDA4BA867C3D5 /* Sources */ = {
			isa = PBXGroup;
			children = (
				118FCBAABA162BA17933C789 /* main.cpp */,
			);
			name = Sources;
			sourceTree = "<group>";
		};
/* End PBXGroup section */

/* Begin PBXNativeTarget section */
		71CA0EB789368CCD82020B7F /* pyqt_in_qwidget */ = {
			isa = PBXNativeTarget;
			buildConfigurationList = 7FA07EA412EFF50600A0D7C8 /* Build configuration list for PBXNativeTarget "pyqt_in_qwidget" */;
			buildPhases = (
				D7BA7D76DAB5DD13389D6332 /* Qt Qmake */,
				A0A52A2ADF7A1E2A99738674 /* Qt Preprocessors */,
				F6069D5A5DA8AA28EDB8B3C6 /* Project Copy */,
				C29B8785722055ED95EF7B57 /* Build Sources */,
				2A1043669E6E5A7426EA502A /* Frameworks & Libraries */,
				3787F99312C85FF0073FD7BA /* Bundle Resources */,
			);
			buildRules = (
			);
			dependencies = (
			);
			name = pyqt_in_qwidget;
			productName = pyqt_in_qwidget;
			productReference = 7FA07E9312EFF4F000A0D7C8 /* pyqt_in_qwidget.app */;
			productType = "com.apple.product-type.application";
		};
/* End PBXNativeTarget section */

/* Begin PBXProject section */
		91B15E841AA80083484172DE /* Project object */ = {
			isa = PBXProject;
			buildConfigurationList = 2A951308CDB28F104D0A4BD2 /* Build configuration list for PBXProject "pyqt_in_qwidget" */;
			compatibilityVersion = "Xcode 2.4";
			hasScannedForEncodings = 1;
			mainGroup = 05596AB53D8D521C69802C27 /* pyqt_in_qwidget */;
			productRefGroup = 7FA07E9412EFF4F000A0D7C8 /* Products */;
			projectDirPath = "";
			projectRoot = "";
			targets = (
				71CA0EB789368CCD82020B7F /* pyqt_in_qwidget */,
			);
		};
/* End PBXProject section */

/* Begin PBXResourcesBuildPhase section */
		3787F99312C85FF0073FD7BA /* Bundle Resources */ = {
			isa = PBXResourcesBuildPhase;
			buildActionMask = 2147483647;
			files = (
			);
			name = "Bundle Resources";
			runOnlyForDeploymentPostprocessing = 0;
		};
/* End PBXResourcesBuildPhase section */

/* Begin PBXShellScriptBuildPhase section */
		A0A52A2ADF7A1E2A99738674 /* Qt Preprocessors */ = {
			isa = PBXShellScriptBuildPhase;
			buildActionMask = 2147483647;
			files = (
			);
			name = "Qt Preprocessors";
			runOnlyForDeploymentPostprocessing = 0;
			shellPath = /bin/sh;
			shellScript = "make -C /Users/jianzhang/aphid/pyqt_in_qwidget -f pyqt_in_qwidget.xcodeproj/qt_preprocess.mak";
		};
		D7BA7D76DAB5DD13389D6332 /* Qt Qmake */ = {
			isa = PBXShellScriptBuildPhase;
			buildActionMask = 2147483647;
			files = (
			);
			name = "Qt Qmake";
			runOnlyForDeploymentPostprocessing = 0;
			shellPath = /bin/sh;
			shellScript = "make -C /Users/jianzhang/aphid/pyqt_in_qwidget -f pyqt_in_qwidget.xcodeproj/qt_makeqmake.mak";
		};
/* End PBXShellScriptBuildPhase section */

/* Begin PBXSourcesBuildPhase section */
		C29B8785722055ED95EF7B57 /* Build Sources */ = {
			isa = PBXSourcesBuildPhase;
			buildActionMask = 2147483647;
			files = (
				2B093CA6F071B023A473CED0 /* main.cpp in Build Sources */,
			);
			name = "Build Sources";
			runOnlyForDeploymentPostprocessing = 0;
		};
/* End PBXSourcesBuildPhase section */

/* Begin XCBuildConfiguration section */
		7FA07E9D12EFF4F100A0D7C8 /* Debug */ = {
			isa = XCBuildConfiguration;
			buildSettings = {
				ARCHS = i386;
				BUILD_ROOT = /Users/jianzhang/aphid/pyqt_in_qwidget;
				COPY_PHASE_STRIP = NO;
				DYLIB_COMPATIBILITY_VERSION = 1.0;
				DYLIB_CURRENT_VERSION = 1.0.0;
				GCC_GENERATE_DEBUGGING_SYMBOLS = YES;
				GCC_OPTIMIZATION_LEVEL = 0;
				HEADER_SEARCH_PATHS = (
					/Library/Frameworks/QtCore.framework/Versions/4/Headers,
					/usr/include/QtCore,
					/Library/Frameworks/QtGui.framework/Versions/4/Headers,
					/usr/include/QtGui,
					/usr/include,
					.,
					/usr/local/include,
					/System/Library/Frameworks/CarbonCore.framework/Headers,
					"/usr/local/Qt4.6/mkspecs/macx-xcode",
				);
				INFOPLIST_FILE = Info.plist;
				LEXFLAGS = "";
				LIBRARY_SEARCH_PATHS = /Library/Frameworks;
				MACOSX_DEPLOYMENT_TARGET = 10.4;
				OTHER_CFLAGS = (
					"-pipe",
					"-g",
					"-Wall",
					"-W",
					"-DQT_GUI_LIB",
					"-DQT_CORE_LIB",
					"-DQT_SHARED",
				);
				OTHER_CPLUSPLUSFLAGS = (
					"-pipe",
					"-g",
					"-Wall",
					"-W",
					"-DQT_GUI_LIB",
					"-DQT_CORE_LIB",
					"-DQT_SHARED",
				);
				OTHER_LDFLAGS = (
					"-headerpad_max_install_names",
					"-L/Library/Frameworks",
					"-F/Library/Frameworks",
				);
				OTHER_REZFLAGS = "";
				PREBINDING = NO;
				PRODUCT_NAME = pyqt_in_qwidget;
				SECTORDER_FLAGS = "";
				WARNING_CFLAGS = "";
				YACCFLAGS = "-d";
			};
			name = Debug;
		};
		7FA07E9E12EFF4F100A0D7C8 /* Release */ = {
			isa = XCBuildConfiguration;
			buildSettings = {
				ARCHS = i386;
				BUILD_ROOT = /Users/jianzhang/aphid/pyqt_in_qwidget;
				COPY_PHASE_STRIP = YES;
				DYLIB_COMPATIBILITY_VERSION = 1.0;
				DYLIB_CURRENT_VERSION = 1.0.0;
				GCC_GENERATE_DEBUGGING_SYMBOLS = NO;
				HEADER_SEARCH_PATHS = (
					/Library/Frameworks/QtCore.framework/Versions/4/Headers,
					/usr/include/QtCore,
					/Library/Frameworks/QtGui.framework/Versions/4/Headers,
					/usr/include/QtGui,
					/usr/include,
					.,
					/usr/local/include,
					/System/Library/Frameworks/CarbonCore.framework/Headers,
					"/usr/local/Qt4.6/mkspecs/macx-xcode",
				);
				INFOPLIST_FILE = Info.plist;
				LEXFLAGS = "";
				LIBRARY_SEARCH_PATHS = /Library/Frameworks;
				MACOSX_DEPLOYMENT_TARGET = 10.4;
				OTHER_CFLAGS = (
					"-pipe",
					"-g",
					"-Wall",
					"-W",
					"-DQT_GUI_LIB",
					"-DQT_CORE_LIB",
					"-DQT_SHARED",
				);
				OTHER_CPLUSPLUSFLAGS = (
					"-pipe",
					"-g",
					"-Wall",
					"-W",
					"-DQT_GUI_LIB",
					"-DQT_CORE_LIB",
					"-DQT_SHARED",
				);
				OTHER_LDFLAGS = (
					"-headerpad_max_install_names",
					"-L/Library/Frameworks",
					"-F/Library/Frameworks",
				);
				OTHER_REZFLAGS = "";
				PREBINDING = NO;
				PRODUCT_NAME = pyqt_in_qwidget;
				SECTORDER_FLAGS = "";
				WARNING_CFLAGS = "";
				YACCFLAGS = "-d";
			};
			name = Release;
		};
		7FA07E9F12EFF4F100A0D7C8 /* Default */ = {
			isa = XCBuildConfiguration;
			buildSettings = {
				ARCHS = i386;
				BUILD_ROOT = /Users/jianzhang/aphid/pyqt_in_qwidget;
				DYLIB_COMPATIBILITY_VERSION = 1.0;
				DYLIB_CURRENT_VERSION = 1.0.0;
				HEADER_SEARCH_PATHS = (
					/Library/Frameworks/QtCore.framework/Versions/4/Headers,
					/usr/include/QtCore,
					/Library/Frameworks/QtGui.framework/Versions/4/Headers,
					/usr/include/QtGui,
					/usr/include,
					.,
					/usr/local/include,
					/System/Library/Frameworks/CarbonCore.framework/Headers,
					"/usr/local/Qt4.6/mkspecs/macx-xcode",
				);
				INFOPLIST_FILE = Info.plist;
				LEXFLAGS = "";
				LIBRARY_SEARCH_PATHS = /Library/Frameworks;
				MACOSX_DEPLOYMENT_TARGET = 10.4;
				OTHER_CFLAGS = (
					"-pipe",
					"-g",
					"-Wall",
					"-W",
					"-DQT_GUI_LIB",
					"-DQT_CORE_LIB",
					"-DQT_SHARED",
				);
				OTHER_CPLUSPLUSFLAGS = (
					"-pipe",
					"-g",
					"-Wall",
					"-W",
					"-DQT_GUI_LIB",
					"-DQT_CORE_LIB",
					"-DQT_SHARED",
				);
				OTHER_LDFLAGS = (
					"-headerpad_max_install_names",
					"-L/Library/Frameworks",
					"-F/Library/Frameworks",
				);
				OTHER_REZFLAGS = "";
				PREBINDING = NO;
				PRODUCT_NAME = pyqt_in_qwidget;
				SECTORDER_FLAGS = "";
				WARNING_CFLAGS = "";
				YACCFLAGS = "-d";
			};
			name = Default;
		};
		8DB1DD96F65B1BF1FFC506E0 /* Debug */ = {
			isa = XCBuildConfiguration;
			buildSettings = {
				COPY_PHASE_STRIP = NO;
				GCC_GENERATE_DEBUGGING_SYMBOLS = YES;
				GCC_OPTIMIZATION_LEVEL = 0;
			};
			name = Debug;
		};
		95E1EB2E5DDD587BE5B3E548 /* Release */ = {
			isa = XCBuildConfiguration;
			buildSettings = {
				ALWAYS_SEARCH_USER_PATHS = YES;
				COPY_PHASE_STRIP = YES;
				GCC_GENERATE_DEBUGGING_SYMBOLS = NO;
				USER_HEADER_SEARCH_PATHS = /Library/Frameworks/Python.framework/Versions/2.6/include/python2.6;
			};
			name = Release;
		};
/* End XCBuildConfiguration section */

/* Begin XCConfigurationList section */
		2A951308CDB28F104D0A4BD2 /* Build configuration list for PBXProject "pyqt_in_qwidget" */ = {
			isa = XCConfigurationList;
			buildConfigurations = (
				8DB1DD96F65B1BF1FFC506E0 /* Debug */,
				95E1EB2E5DDD587BE5B3E548 /* Release */,
			);
			defaultConfigurationIsVisible = 0;
			defaultConfigurationName = Release;
		};
		7FA07EA412EFF50600A0D7C8 /* Build configuration list for PBXNativeTarget "pyqt_in_qwidget" */ = {
			isa = XCConfigurationList;
			buildConfigurations = (
				7FA07E9D12EFF4F100A0D7C8 /* Debug */,
				7FA07E9E12EFF4F100A0D7C8 /* Release */,
				7FA07E9F12EFF4F100A0D7C8 /* Default */,
			);
			defaultConfigurationIsVisible = 0;
			defaultConfigurationName = Default;
		};
/* End XCConfigurationList section */
	};
	rootObject = 91B15E841AA80083484172DE /* Project object */;
}
